// !$*UTF8*$!
{
	archiveVersion = 1;
	classes = {
	};
	objectVersion = 77;
	objects = {

/* Begin PBXBuildFile section */
		A328BFEC2CC294B900AE9103 /* opencv2.framework in Frameworks */ = {isa = PBXBuildFile; fileRef = A328BFEB2CC294B900AE9103 /* opencv2.framework */; };
		A328BFED2CC294B900AE9103 /* opencv2.framework in Frameworks */ = {isa = PBXBuildFile; fileRef = A328BFEB2CC294B900AE9103 /* opencv2.framework */; };
		A328BFEE2CC294B900AE9103 /* opencv2.framework in Frameworks */ = {isa = PBXBuildFile; fileRef = A328BFEB2CC294B900AE9103 /* opencv2.framework */; };
		A3B0EEAF2CCD50BD0076CAC2 /* izmir.jpg in Resources */ = {isa = PBXBuildFile; fileRef = A3B0EEAE2CCD50BD0076CAC2 /* izmir.jpg */; };
		A3B0EEB02CCD50BD0076CAC2 /* izmir.jpg in Resources */ = {isa = PBXBuildFile; fileRef = A3B0EEAE2CCD50BD0076CAC2 /* izmir.jpg */; };
		A3B0EEB12CCD50BD0076CAC2 /* izmir.jpg in Resources */ = {isa = PBXBuildFile; fileRef = A3B0EEAE2CCD50BD0076CAC2 /* izmir.jpg */; };
		FA84AE012CC277B000C3743F /* opencv2.framework in Frameworks */ = {isa = PBXBuildFile; fileRef = FA84AE002CC277B000C3743F /* opencv2.framework */; };
		FA84AE022CC277B000C3743F /* opencv2.framework in Frameworks */ = {isa = PBXBuildFile; fileRef = FA84AE002CC277B000C3743F /* opencv2.framework */; };
		FA84AE032CC277B000C3743F /* opencv2.framework in Frameworks */ = {isa = PBXBuildFile; fileRef = FA84AE002CC277B000C3743F /* opencv2.framework */; };
/* End PBXBuildFile section */

/* Begin PBXContainerItemProxy section */
		FA84ADD82CC275BC00C3743F /* PBXContainerItemProxy */ = {
			isa = PBXContainerItemProxy;
			containerPortal = FA84ADBF2CC275BB00C3743F /* Project object */;
			proxyType = 1;
			remoteGlobalIDString = FA84ADC62CC275BB00C3743F;
			remoteInfo = opencv;
		};
		FA84ADE22CC275BC00C3743F /* PBXContainerItemProxy */ = {
			isa = PBXContainerItemProxy;
			containerPortal = FA84ADBF2CC275BB00C3743F /* Project object */;
			proxyType = 1;
			remoteGlobalIDString = FA84ADC62CC275BB00C3743F;
			remoteInfo = opencv;
		};
/* End PBXContainerItemProxy section */

/* Begin PBXFileReference section */
		A328BFEB2CC294B900AE9103 /* opencv2.framework */ = {isa = PBXFileReference; lastKnownFileType = wrapper.framework; path = opencv2.framework; sourceTree = "<group>"; };
		A3B0EEAE2CCD50BD0076CAC2 /* izmir.jpg */ = {isa = PBXFileReference; lastKnownFileType = image.jpeg; path = izmir.jpg; sourceTree = "<group>"; };
		FA84ADC72CC275BB00C3743F /* opencv.app */ = {isa = PBXFileReference; explicitFileType = wrapper.application; includeInIndex = 0; path = opencv.app; sourceTree = BUILT_PRODUCTS_DIR; };
		FA84ADD72CC275BC00C3743F /* opencvTests.xctest */ = {isa = PBXFileReference; explicitFileType = wrapper.cfbundle; includeInIndex = 0; path = opencvTests.xctest; sourceTree = BUILT_PRODUCTS_DIR; };
		FA84ADE12CC275BC00C3743F /* opencvUITests.xctest */ = {isa = PBXFileReference; explicitFileType = wrapper.cfbundle; includeInIndex = 0; path = opencvUITests.xctest; sourceTree = BUILT_PRODUCTS_DIR; };
		FA84AE002CC277B000C3743F /* opencv2.framework */ = {isa = PBXFileReference; lastKnownFileType = wrapper.framework; path = opencv2.framework; sourceTree = "<group>"; };
/* End PBXFileReference section */

/* Begin PBXFileSystemSynchronizedRootGroup section */
		FA84ADC92CC275BB00C3743F /* opencv */ = {
			isa = PBXFileSystemSynchronizedRootGroup;
			path = opencv;
			sourceTree = "<group>";
		};
		FA84ADDA2CC275BC00C3743F /* opencvTests */ = {
			isa = PBXFileSystemSynchronizedRootGroup;
			path = opencvTests;
			sourceTree = "<group>";
		};
		FA84ADE42CC275BC00C3743F /* opencvUITests */ = {
			isa = PBXFileSystemSynchronizedRootGroup;
			path = opencvUITests;
			sourceTree = "<group>";
		};
/* End PBXFileSystemSynchronizedRootGroup section */

/* Begin PBXFrameworksBuildPhase section */
		FA84ADC42CC275BB00C3743F /* Frameworks */ = {
			isa = PBXFrameworksBuildPhase;
			buildActionMask = 2147483647;
			files = (
				A328BFEE2CC294B900AE9103 /* opencv2.framework in Frameworks */,
				FA84AE032CC277B000C3743F /* opencv2.framework in Frameworks */,
			);
			runOnlyForDeploymentPostprocessing = 0;
		};
		FA84ADD42CC275BC00C3743F /* Frameworks */ = {
			isa = PBXFrameworksBuildPhase;
			buildActionMask = 2147483647;
			files = (
				A328BFED2CC294B900AE9103 /* opencv2.framework in Frameworks */,
				FA84AE012CC277B000C3743F /* opencv2.framework in Frameworks */,
			);
			runOnlyForDeploymentPostprocessing = 0;
		};
		FA84ADDE2CC275BC00C3743F /* Frameworks */ = {
			isa = PBXFrameworksBuildPhase;
			buildActionMask = 2147483647;
			files = (
				A328BFEC2CC294B900AE9103 /* opencv2.framework in Frameworks */,
				FA84AE022CC277B000C3743F /* opencv2.framework in Frameworks */,
			);
			runOnlyForDeploymentPostprocessing = 0;
		};
/* End PBXFrameworksBuildPhase section */

/* Begin PBXGroup section */
		FA84ADBE2CC275BB00C3743F = {
			isa = PBXGroup;
			children = (
				A3B0EEAE2CCD50BD0076CAC2 /* izmir.jpg */,
				A328BFEB2CC294B900AE9103 /* opencv2.framework */,
				FA84AE002CC277B000C3743F /* opencv2.framework */,
				FA84ADC92CC275BB00C3743F /* opencv */,
				FA84ADDA2CC275BC00C3743F /* opencvTests */,
				FA84ADE42CC275BC00C3743F /* opencvUITests */,
				FA84ADC82CC275BB00C3743F /* Products */,
			);
			sourceTree = "<group>";
		};
		FA84ADC82CC275BB00C3743F /* Products */ = {
			isa = PBXGroup;
			children = (
				FA84ADC72CC275BB00C3743F /* opencv.app */,
				FA84ADD72CC275BC00C3743F /* opencvTests.xctest */,
				FA84ADE12CC275BC00C3743F /* opencvUITests.xctest */,
			);
			name = Products;
			sourceTree = "<group>";
		};
/* End PBXGroup section */

/* Begin PBXNativeTarget section */
		FA84ADC62CC275BB00C3743F /* opencv */ = {
			isa = PBXNativeTarget;
			buildConfigurationList = FA84ADEB2CC275BC00C3743F /* Build configuration list for PBXNativeTarget "opencv" */;
			buildPhases = (
				FA84ADC32CC275BB00C3743F /* Sources */,
				FA84ADC42CC275BB00C3743F /* Frameworks */,
				FA84ADC52CC275BB00C3743F /* Resources */,
			);
			buildRules = (
			);
			dependencies = (
			);
			fileSystemSynchronizedGroups = (
				FA84ADC92CC275BB00C3743F /* opencv */,
			);
			name = opencv;
			packageProductDependencies = (
			);
			productName = opencv;
			productReference = FA84ADC72CC275BB00C3743F /* opencv.app */;
			productType = "com.apple.product-type.application";
		};
		FA84ADD62CC275BC00C3743F /* opencvTests */ = {
			isa = PBXNativeTarget;
			buildConfigurationList = FA84ADEE2CC275BC00C3743F /* Build configuration list for PBXNativeTarget "opencvTests" */;
			buildPhases = (
				FA84ADD32CC275BC00C3743F /* Sources */,
				FA84ADD42CC275BC00C3743F /* Frameworks */,
				FA84ADD52CC275BC00C3743F /* Resources */,
			);
			buildRules = (
			);
			dependencies = (
				FA84ADD92CC275BC00C3743F /* PBXTargetDependency */,
			);
			fileSystemSynchronizedGroups = (
				FA84ADDA2CC275BC00C3743F /* opencvTests */,
			);
			name = opencvTests;
			packageProductDependencies = (
			);
			productName = opencvTests;
			productReference = FA84ADD72CC275BC00C3743F /* opencvTests.xctest */;
			productType = "com.apple.product-type.bundle.unit-test";
		};
		FA84ADE02CC275BC00C3743F /* opencvUITests */ = {
			isa = PBXNativeTarget;
			buildConfigurationList = FA84ADF12CC275BC00C3743F /* Build configuration list for PBXNativeTarget "opencvUITests" */;
			buildPhases = (
				FA84ADDD2CC275BC00C3743F /* Sources */,
				FA84ADDE2CC275BC00C3743F /* Frameworks */,
				FA84ADDF2CC275BC00C3743F /* Resources */,
			);
			buildRules = (
			);
			dependencies = (
				FA84ADE32CC275BC00C3743F /* PBXTargetDependency */,
			);
			fileSystemSynchronizedGroups = (
				FA84ADE42CC275BC00C3743F /* opencvUITests */,
			);
			name = opencvUITests;
			packageProductDependencies = (
			);
			productName = opencvUITests;
			productReference = FA84ADE12CC275BC00C3743F /* opencvUITests.xctest */;
			productType = "com.apple.product-type.bundle.ui-testing";
		};
/* End PBXNativeTarget section */

/* Begin PBXProject section */
		FA84ADBF2CC275BB00C3743F /* Project object */ = {
			isa = PBXProject;
			attributes = {
				BuildIndependentTargetsInParallel = 1;
				LastSwiftUpdateCheck = 1600;
				LastUpgradeCheck = 1600;
				TargetAttributes = {
					FA84ADC62CC275BB00C3743F = {
						CreatedOnToolsVersion = 16.0;
						LastSwiftMigration = 1600;
					};
					FA84ADD62CC275BC00C3743F = {
						CreatedOnToolsVersion = 16.0;
						TestTargetID = FA84ADC62CC275BB00C3743F;
					};
					FA84ADE02CC275BC00C3743F = {
						CreatedOnToolsVersion = 16.0;
						TestTargetID = FA84ADC62CC275BB00C3743F;
					};
				};
			};
			buildConfigurationList = FA84ADC22CC275BB00C3743F /* Build configuration list for PBXProject "opencv" */;
			developmentRegion = en;
			hasScannedForEncodings = 0;
			knownRegions = (
				en,
				Base,
			);
			mainGroup = FA84ADBE2CC275BB00C3743F;
			minimizedProjectReferenceProxies = 1;
			preferredProjectObjectVersion = 77;
			productRefGroup = FA84ADC82CC275BB00C3743F /* Products */;
			projectDirPath = "";
			projectRoot = "";
			targets = (
				FA84ADC62CC275BB00C3743F /* opencv */,
				FA84ADD62CC275BC00C3743F /* opencvTests */,
				FA84ADE02CC275BC00C3743F /* opencvUITests */,
			);
		};
/* End PBXProject section */

/* Begin PBXResourcesBuildPhase section */
		FA84ADC52CC275BB00C3743F /* Resources */ = {
			isa = PBXResourcesBuildPhase;
			buildActionMask = 2147483647;
			files = (
				A3B0EEAF2CCD50BD0076CAC2 /* izmir.jpg in Resources */,
			);
			runOnlyForDeploymentPostprocessing = 0;
		};
		FA84ADD52CC275BC00C3743F /* Resources */ = {
			isa = PBXResourcesBuildPhase;
			buildActionMask = 2147483647;
			files = (
				A3B0EEB12CCD50BD0076CAC2 /* izmir.jpg in Resources */,
			);
			runOnlyForDeploymentPostprocessing = 0;
		};
		FA84ADDF2CC275BC00C3743F /* Resources */ = {
			isa = PBXResourcesBuildPhase;
			buildActionMask = 2147483647;
			files = (
				A3B0EEB02CCD50BD0076CAC2 /* izmir.jpg in Resources */,
			);
			runOnlyForDeploymentPostprocessing = 0;
		};
/* End PBXResourcesBuildPhase section */

/* Begin PBXSourcesBuildPhase section */
		FA84ADC32CC275BB00C3743F /* Sources */ = {
			isa = PBXSourcesBuildPhase;
			buildActionMask = 2147483647;
			files = (
			);
			runOnlyForDeploymentPostprocessing = 0;
		};
		FA84ADD32CC275BC00C3743F /* Sources */ = {
			isa = PBXSourcesBuildPhase;
			buildActionMask = 2147483647;
			files = (
			);
			runOnlyForDeploymentPostprocessing = 0;
		};
		FA84ADDD2CC275BC00C3743F /* Sources */ = {
			isa = PBXSourcesBuildPhase;
			buildActionMask = 2147483647;
			files = (
			);
			runOnlyForDeploymentPostprocessing = 0;
		};
/* End PBXSourcesBuildPhase section */

/* Begin PBXTargetDependency section */
		FA84ADD92CC275BC00C3743F /* PBXTargetDependency */ = {
			isa = PBXTargetDependency;
			target = FA84ADC62CC275BB00C3743F /* opencv */;
			targetProxy = FA84ADD82CC275BC00C3743F /* PBXContainerItemProxy */;
		};
		FA84ADE32CC275BC00C3743F /* PBXTargetDependency */ = {
			isa = PBXTargetDependency;
			target = FA84ADC62CC275BB00C3743F /* opencv */;
			targetProxy = FA84ADE22CC275BC00C3743F /* PBXContainerItemProxy */;
		};
/* End PBXTargetDependency section */

/* Begin XCBuildConfiguration section */
		FA84ADE92CC275BC00C3743F /* Debug */ = {
			isa = XCBuildConfiguration;
			buildSettings = {
				ALWAYS_SEARCH_USER_PATHS = NO;
				ASSETCATALOG_COMPILER_GENERATE_SWIFT_ASSET_SYMBOL_EXTENSIONS = YES;
				CLANG_ANALYZER_NONNULL = YES;
				CLANG_ANALYZER_NUMBER_OBJECT_CONVERSION = YES_AGGRESSIVE;
				CLANG_CXX_LANGUAGE_STANDARD = "gnu++20";
				CLANG_ENABLE_MODULES = YES;
				CLANG_ENABLE_OBJC_ARC = YES;
				CLANG_ENABLE_OBJC_WEAK = YES;
				CLANG_WARN_BLOCK_CAPTURE_AUTORELEASING = YES;
				CLANG_WARN_BOOL_CONVERSION = YES;
				CLANG_WARN_COMMA = YES;
				CLANG_WARN_CONSTANT_CONVERSION = YES;
				CLANG_WARN_DEPRECATED_OBJC_IMPLEMENTATIONS = YES;
				CLANG_WARN_DIRECT_OBJC_ISA_USAGE = YES_ERROR;
				CLANG_WARN_DOCUMENTATION_COMMENTS = YES;
				CLANG_WARN_EMPTY_BODY = YES;
				CLANG_WARN_ENUM_CONVERSION = YES;
				CLANG_WARN_INFINITE_RECURSION = YES;
				CLANG_WARN_INT_CONVERSION = YES;
				CLANG_WARN_NON_LITERAL_NULL_CONVERSION = YES;
				CLANG_WARN_OBJC_IMPLICIT_RETAIN_SELF = YES;
				CLANG_WARN_OBJC_LITERAL_CONVERSION = YES;
				CLANG_WARN_OBJC_ROOT_CLASS = YES_ERROR;
				CLANG_WARN_QUOTED_INCLUDE_IN_FRAMEWORK_HEADER = YES;
				CLANG_WARN_RANGE_LOOP_ANALYSIS = YES;
				CLANG_WARN_STRICT_PROTOTYPES = YES;
				CLANG_WARN_SUSPICIOUS_MOVE = YES;
				CLANG_WARN_UNGUARDED_AVAILABILITY = YES_AGGRESSIVE;
				CLANG_WARN_UNREACHABLE_CODE = YES;
				CLANG_WARN__DUPLICATE_METHOD_MATCH = YES;
				COPY_PHASE_STRIP = NO;
				DEBUG_INFORMATION_FORMAT = dwarf;
				ENABLE_STRICT_OBJC_MSGSEND = YES;
				ENABLE_TESTABILITY = YES;
				ENABLE_USER_SCRIPT_SANDBOXING = YES;
				GCC_C_LANGUAGE_STANDARD = gnu17;
				GCC_DYNAMIC_NO_PIC = NO;
				GCC_NO_COMMON_BLOCKS = YES;
				GCC_OPTIMIZATION_LEVEL = 0;
				GCC_PREPROCESSOR_DEFINITIONS = (
					"DEBUG=1",
					"$(inherited)",
				);
				GCC_WARN_64_TO_32_BIT_CONVERSION = YES;
				GCC_WARN_ABOUT_RETURN_TYPE = YES_ERROR;
				GCC_WARN_UNDECLARED_SELECTOR = YES;
				GCC_WARN_UNINITIALIZED_AUTOS = YES_AGGRESSIVE;
				GCC_WARN_UNUSED_FUNCTION = YES;
				GCC_WARN_UNUSED_VARIABLE = YES;
				IPHONEOS_DEPLOYMENT_TARGET = 18.0;
				LOCALIZATION_PREFERS_STRING_CATALOGS = YES;
				MTL_ENABLE_DEBUG_INFO = INCLUDE_SOURCE;
				MTL_FAST_MATH = YES;
				ONLY_ACTIVE_ARCH = YES;
				SDKROOT = iphoneos;
				SWIFT_ACTIVE_COMPILATION_CONDITIONS = "DEBUG $(inherited)";
				SWIFT_OPTIMIZATION_LEVEL = "-Onone";
			};
			name = Debug;
		};
		FA84ADEA2CC275BC00C3743F /* Release */ = {
			isa = XCBuildConfiguration;
			buildSettings = {
				ALWAYS_SEARCH_USER_PATHS = NO;
				ASSETCATALOG_COMPILER_GENERATE_SWIFT_ASSET_SYMBOL_EXTENSIONS = YES;
				CLANG_ANALYZER_NONNULL = YES;
				CLANG_ANALYZER_NUMBER_OBJECT_CONVERSION = YES_AGGRESSIVE;
				CLANG_CXX_LANGUAGE_STANDARD = "gnu++20";
				CLANG_ENABLE_MODULES = YES;
				CLANG_ENABLE_OBJC_ARC = YES;
				CLANG_ENABLE_OBJC_WEAK = YES;
				CLANG_WARN_BLOCK_CAPTURE_AUTORELEASING = YES;
				CLANG_WARN_BOOL_CONVERSION = YES;
				CLANG_WARN_COMMA = YES;
				CLANG_WARN_CONSTANT_CONVERSION = YES;
				CLANG_WARN_DEPRECATED_OBJC_IMPLEMENTATIONS = YES;
				CLANG_WARN_DIRECT_OBJC_ISA_USAGE = YES_ERROR;
				CLANG_WARN_DOCUMENTATION_COMMENTS = YES;
				CLANG_WARN_EMPTY_BODY = YES;
				CLANG_WARN_ENUM_CONVERSION = YES;
				CLANG_WARN_INFINITE_RECURSION = YES;
				CLANG_WARN_INT_CONVERSION = YES;
				CLANG_WARN_NON_LITERAL_NULL_CONVERSION = YES;
				CLANG_WARN_OBJC_IMPLICIT_RETAIN_SELF = YES;
				CLANG_WARN_OBJC_LITERAL_CONVERSION = YES;
				CLANG_WARN_OBJC_ROOT_CLASS = YES_ERROR;
				CLANG_WARN_QUOTED_INCLUDE_IN_FRAMEWORK_HEADER = YES;
				CLANG_WARN_RANGE_LOOP_ANALYSIS = YES;
				CLANG_WARN_STRICT_PROTOTYPES = YES;
				CLANG_WARN_SUSPICIOUS_MOVE = YES;
				CLANG_WARN_UNGUARDED_AVAILABILITY = YES_AGGRESSIVE;
				CLANG_WARN_UNREACHABLE_CODE = YES;
				CLANG_WARN__DUPLICATE_METHOD_MATCH = YES;
				COPY_PHASE_STRIP = NO;
				DEBUG_INFORMATION_FORMAT = "dwarf-with-dsym";
				ENABLE_NS_ASSERTIONS = NO;
				ENABLE_STRICT_OBJC_MSGSEND = YES;
				ENABLE_USER_SCRIPT_SANDBOXING = YES;
				GCC_C_LANGUAGE_STANDARD = gnu17;
				GCC_NO_COMMON_BLOCKS = YES;
				GCC_WARN_64_TO_32_BIT_CONVERSION = YES;
				GCC_WARN_ABOUT_RETURN_TYPE = YES_ERROR;
				GCC_WARN_UNDECLARED_SELECTOR = YES;
				GCC_WARN_UNINITIALIZED_AUTOS = YES_AGGRESSIVE;
				GCC_WARN_UNUSED_FUNCTION = YES;
				GCC_WARN_UNUSED_VARIABLE = YES;
				IPHONEOS_DEPLOYMENT_TARGET = 18.0;
				LOCALIZATION_PREFERS_STRING_CATALOGS = YES;
				MTL_ENABLE_DEBUG_INFO = NO;
				MTL_FAST_MATH = YES;
				SDKROOT = iphoneos;
				SWIFT_COMPILATION_MODE = wholemodule;
				VALIDATE_PRODUCT = YES;
			};
			name = Release;
		};
		FA84ADEC2CC275BC00C3743F /* Debug */ = {
			isa = XCBuildConfiguration;
			buildSettings = {
				ASSETCATALOG_COMPILER_APPICON_NAME = AppIcon;
				ASSETCATALOG_COMPILER_GLOBAL_ACCENT_COLOR_NAME = AccentColor;
				CLANG_ENABLE_MODULES = YES;
				CODE_SIGN_STYLE = Automatic;
				CURRENT_PROJECT_VERSION = 1;
				DEVELOPMENT_ASSET_PATHS = "\"opencv/Preview Content\"";
				DEVELOPMENT_TEAM = Z6NKFV863F;
				ENABLE_PREVIEWS = YES;
				FRAMEWORK_SEARCH_PATHS = (
					"$(inherited)",
					"$(PROJECT_DIR)",
				);
				GENERATE_INFOPLIST_FILE = YES;
				HEADER_SEARCH_PATHS = "$(SRCROOT)";
				INFOPLIST_KEY_NSCameraUsageDescription = "Kamera erişimi gereklidir";
				INFOPLIST_KEY_NSPhotoLibraryUsageDescription = "";
				INFOPLIST_KEY_UIApplicationSceneManifest_Generation = YES;
				INFOPLIST_KEY_UIApplicationSupportsIndirectInputEvents = YES;
				INFOPLIST_KEY_UILaunchScreen_Generation = YES;
				INFOPLIST_KEY_UISupportedInterfaceOrientations_iPad = "UIInterfaceOrientationPortrait UIInterfaceOrientationPortraitUpsideDown UIInterfaceOrientationLandscapeLeft UIInterfaceOrientationLandscapeRight";
				INFOPLIST_KEY_UISupportedInterfaceOrientations_iPhone = "UIInterfaceOrientationPortrait UIInterfaceOrientationLandscapeLeft UIInterfaceOrientationLandscapeRight";
				IPHONEOS_DEPLOYMENT_TARGET = 15.0;
				LD_RUNPATH_SEARCH_PATHS = (
					"$(inherited)",
					"@executable_path/Frameworks",
				);
				MARKETING_VERSION = 1.0;
				PRODUCT_BUNDLE_IDENTIFIER = com.en.opencv;
				PRODUCT_NAME = "$(TARGET_NAME)";
				SWIFT_EMIT_LOC_STRINGS = YES;
				SWIFT_OBJC_BRIDGING_HEADER = "opencv/opencv-Bridging-Header.h";
				SWIFT_OPTIMIZATION_LEVEL = "-Onone";
				SWIFT_VERSION = 5.0;
				TARGETED_DEVICE_FAMILY = "1,2";
			};
			name = Debug;
		};
		FA84ADED2CC275BC00C3743F /* Release */ = {
			isa = XCBuildConfiguration;
			buildSettings = {
				ASSETCATALOG_COMPILER_APPICON_NAME = AppIcon;
				ASSETCATALOG_COMPILER_GLOBAL_ACCENT_COLOR_NAME = AccentColor;
				CLANG_ENABLE_MODULES = YES;
				CODE_SIGN_STYLE = Automatic;
				CURRENT_PROJECT_VERSION = 1;
				DEVELOPMENT_ASSET_PATHS = "\"opencv/Preview Content\"";
				DEVELOPMENT_TEAM = Z6NKFV863F;
				ENABLE_PREVIEWS = YES;
				FRAMEWORK_SEARCH_PATHS = (
					"$(inherited)",
					"$(PROJECT_DIR)",
				);
				GENERATE_INFOPLIST_FILE = YES;
				HEADER_SEARCH_PATHS = "$(SRCROOT)";
				INFOPLIST_KEY_NSCameraUsageDescription = "Kamera erişimi gereklidir";
				INFOPLIST_KEY_NSPhotoLibraryUsageDescription = "";
				INFOPLIST_KEY_UIApplicationSceneManifest_Generation = YES;
				INFOPLIST_KEY_UIApplicationSupportsIndirectInputEvents = YES;
				INFOPLIST_KEY_UILaunchScreen_Generation = YES;
				INFOPLIST_KEY_UISupportedInterfaceOrientations_iPad = "UIInterfaceOrientationPortrait UIInterfaceOrientationPortraitUpsideDown UIInterfaceOrientationLandscapeLeft UIInterfaceOrientationLandscapeRight";
				INFOPLIST_KEY_UISupportedInterfaceOrientations_iPhone = "UIInterfaceOrientationPortrait UIInterfaceOrientationLandscapeLeft UIInterfaceOrientationLandscapeRight";
				IPHONEOS_DEPLOYMENT_TARGET = 15.0;
				LD_RUNPATH_SEARCH_PATHS = (
					"$(inherited)",
					"@executable_path/Frameworks",
				);
				MARKETING_VERSION = 1.0;
				PRODUCT_BUNDLE_IDENTIFIER = com.en.opencv;
				PRODUCT_NAME = "$(TARGET_NAME)";
				SWIFT_EMIT_LOC_STRINGS = YES;
				SWIFT_OBJC_BRIDGING_HEADER = "opencv/opencv-Bridging-Header.h";
				SWIFT_VERSION = 5.0;
				TARGETED_DEVICE_FAMILY = "1,2";
			};
			name = Release;
		};
		FA84ADEF2CC275BC00C3743F /* Debug */ = {
			isa = XCBuildConfiguration;
			buildSettings = {
				BUNDLE_LOADER = "$(TEST_HOST)";
				CODE_SIGN_STYLE = Automatic;
				CURRENT_PROJECT_VERSION = 1;
				DEVELOPMENT_TEAM = P8C3928J3Z;
				FRAMEWORK_SEARCH_PATHS = (
					"$(inherited)",
					"$(PROJECT_DIR)",
				);
				GENERATE_INFOPLIST_FILE = YES;
				IPHONEOS_DEPLOYMENT_TARGET = 18.0;
				MARKETING_VERSION = 1.0;
				PRODUCT_BUNDLE_IDENTIFIER = com.bayindir.opencvTests;
				PRODUCT_NAME = "$(TARGET_NAME)";
				SWIFT_EMIT_LOC_STRINGS = NO;
				SWIFT_VERSION = 5.0;
				TARGETED_DEVICE_FAMILY = "1,2";
				TEST_HOST = "$(BUILT_PRODUCTS_DIR)/opencv.app/$(BUNDLE_EXECUTABLE_FOLDER_PATH)/opencv";
			};
			name = Debug;
		};
		FA84ADF02CC275BC00C3743F /* Release */ = {
			isa = XCBuildConfiguration;
			buildSettings = {
				BUNDLE_LOADER = "$(TEST_HOST)";
				CODE_SIGN_STYLE = Automatic;
				CURRENT_PROJECT_VERSION = 1;
				DEVELOPMENT_TEAM = P8C3928J3Z;
				FRAMEWORK_SEARCH_PATHS = (
					"$(inherited)",
					"$(PROJECT_DIR)",
				);
				GENERATE_INFOPLIST_FILE = YES;
				IPHONEOS_DEPLOYMENT_TARGET = 18.0;
				MARKETING_VERSION = 1.0;
				PRODUCT_BUNDLE_IDENTIFIER = com.bayindir.opencvTests;
				PRODUCT_NAME = "$(TARGET_NAME)";
				SWIFT_EMIT_LOC_STRINGS = NO;
				SWIFT_VERSION = 5.0;
				TARGETED_DEVICE_FAMILY = "1,2";
				TEST_HOST = "$(BUILT_PRODUCTS_DIR)/opencv.app/$(BUNDLE_EXECUTABLE_FOLDER_PATH)/opencv";
			};
			name = Release;
		};
		FA84ADF22CC275BC00C3743F /* Debug */ = {
			isa = XCBuildConfiguration;
			buildSettings = {
				CODE_SIGN_STYLE = Automatic;
				CURRENT_PROJECT_VERSION = 1;
				DEVELOPMENT_TEAM = P8C3928J3Z;
				FRAMEWORK_SEARCH_PATHS = (
					"$(inherited)",
					"$(PROJECT_DIR)",
				);
				GENERATE_INFOPLIST_FILE = YES;
				MARKETING_VERSION = 1.0;
				PRODUCT_BUNDLE_IDENTIFIER = com.bayindir.opencvUITests;
				PRODUCT_NAME = "$(TARGET_NAME)";
				SWIFT_EMIT_LOC_STRINGS = NO;
				SWIFT_VERSION = 5.0;
				TARGETED_DEVICE_FAMILY = "1,2";
				TEST_TARGET_NAME = opencv;
			};
			name = Debug;
		};
		FA84ADF32CC275BC00C3743F /* Release */ = {
			isa = XCBuildConfiguration;
			buildSettings = {
				CODE_SIGN_STYLE = Automatic;
				CURRENT_PROJECT_VERSION = 1;
				DEVELOPMENT_TEAM = P8C3928J3Z;
				FRAMEWORK_SEARCH_PATHS = (
					"$(inherited)",
					"$(PROJECT_DIR)",
				);
				GENERATE_INFOPLIST_FILE = YES;
				MARKETING_VERSION = 1.0;
				PRODUCT_BUNDLE_IDENTIFIER = com.bayindir.opencvUITests;
				PRODUCT_NAME = "$(TARGET_NAME)";
				SWIFT_EMIT_LOC_STRINGS = NO;
				SWIFT_VERSION = 5.0;
				TARGETED_DEVICE_FAMILY = "1,2";
				TEST_TARGET_NAME = opencv;
			};
			name = Release;
		};
/* End XCBuildConfiguration section */

/* Begin XCConfigurationList section */
		FA84ADC22CC275BB00C3743F /* Build configuration list for PBXProject "opencv" */ = {
			isa = XCConfigurationList;
			buildConfigurations = (
				FA84ADE92CC275BC00C3743F /* Debug */,
				FA84ADEA2CC275BC00C3743F /* Release */,
			);
			defaultConfigurationIsVisible = 0;
			defaultConfigurationName = Release;
		};
		FA84ADEB2CC275BC00C3743F /* Build configuration list for PBXNativeTarget "opencv" */ = {
			isa = XCConfigurationList;
			buildConfigurations = (
				FA84ADEC2CC275BC00C3743F /* Debug */,
				FA84ADED2CC275BC00C3743F /* Release */,
			);
			defaultConfigurationIsVisible = 0;
			defaultConfigurationName = Release;
		};
		FA84ADEE2CC275BC00C3743F /* Build configuration list for PBXNativeTarget "opencvTests" */ = {
			isa = XCConfigurationList;
			buildConfigurations = (
				FA84ADEF2CC275BC00C3743F /* Debug */,
				FA84ADF02CC275BC00C3743F /* Release */,
			);
			defaultConfigurationIsVisible = 0;
			defaultConfigurationName = Release;
		};
		FA84ADF12CC275BC00C3743F /* Build configuration list for PBXNativeTarget "opencvUITests" */ = {
			isa = XCConfigurationList;
			buildConfigurations = (
				FA84ADF22CC275BC00C3743F /* Debug */,
				FA84ADF32CC275BC00C3743F /* Release */,
			);
			defaultConfigurationIsVisible = 0;
			defaultConfigurationName = Release;
		};
/* End XCConfigurationList section */
	};
	rootObject = FA84ADBF2CC275BB00C3743F /* Project object */;
}
